# This file is automatically @generated by Poetry 2.1.4 and should not be changed by hand.

[[package]]
name = "colorama"
version = "0.4.6"
description = "Cross-platform colored terminal text."
optional = false
python-versions = "!=3.0.*,!=3.1.*,!=3.2.*,!=3.3.*,!=3.4.*,!=3.5.*,!=3.6.*,>=2.7"
groups = ["test"]
markers = "sys_platform == \"win32\""
files = [
    {file = "colorama-0.4.6-py2.py3-none-any.whl", hash = "sha256:4f1d9991f5acc0ca119f9d443620b77f9d6b33703e51011c16baf57afb285fc6"},
    {file = "colorama-0.4.6.tar.gz", hash = "sha256:08695f5cb7ed6e0531a20572697297273c47b8cae5a63ffc6d6ed5c201be6e44"},
]

[[package]]
name = "iniconfig"
version = "2.1.0"
description = "brain-dead simple config-ini parsing"
optional = false
python-versions = ">=3.8"
groups = ["test"]
files = [
    {file = "iniconfig-2.1.0-py3-none-any.whl", hash = "sha256:9deba5723312380e77435581c6bf4935c94cbfab9b1ed33ef8d238ea168eb760"},
    {file = "iniconfig-2.1.0.tar.gz", hash = "sha256:3abbd2e30b36733fee78f9c7f7308f2d0050e88f0087fd25c2645f63c773e1c7"},
]

[[package]]
name = "jpype1"
version = "1.6.0"
description = "A Python to Java bridge"
optional = false
python-versions = ">=3.8"
groups = ["main"]
files = [
    {file = "jpype1-1.6.0-cp310-cp310-macosx_10_9_universal2.whl", hash = "sha256:533cf7ced58a4b74272f3d1e962fe33f305184d2fcb3856ca79867d5b6f0fb8b"},
    {file = "jpype1-1.6.0-cp310-cp310-manylinux2014_aarch64.manylinux_2_17_aarch64.whl", hash = "sha256:597063698c074e5bf34e696626423a528cdf099989e22a837e889a0d671fd9e4"},
    {file = "jpype1-1.6.0-cp310-cp310-manylinux2014_i686.manylinux_2_17_i686.whl", hash = "sha256:2f0cd698d160ba825952393b4d87911e7eedcbf5af381bb6438126de863f66b6"},
    {file = "jpype1-1.6.0-cp310-cp310-manylinux2014_x86_64.manylinux_2_17_x86_64.whl", hash = "sha256:fcabb8cce3be16528bd26e4b73e41d7b8c778111f14de52c33c25e2a9d4c9a9f"},
    {file = "jpype1-1.6.0-cp310-cp310-win_amd64.whl", hash = "sha256:f02c419d6cdd45ed5576d95f0ab4732371c760ba4b01ea9bd646b98b3c21a16f"},
    {file = "jpype1-1.6.0-cp311-cp311-macosx_10_9_universal2.whl", hash = "sha256:40b523e11b22398a8ddb777f1e6e8d55108a631311f35b48b0ed0f4c9198d025"},
    {file = "jpype1-1.6.0-cp311-cp311-manylinux2014_aarch64.manylinux_2_17_aarch64.whl", hash = "sha256:ae5927e441894d41b65e08390a0ea6a6512fe222c07aa33fbab623512092fdbd"},
    {file = "jpype1-1.6.0-cp311-cp311-manylinux2014_i686.manylinux_2_17_i686.whl", hash = "sha256:9d85c2077172a32dd8ffde8711cb57c5bc351378ceb44dd8c3bdd80f27fa8caf"},
    {file = "jpype1-1.6.0-cp311-cp311-manylinux2014_x86_64.manylinux_2_17_x86_64.whl", hash = "sha256:f5a02cbba4022a0aa47ee617bc12349457988c653491484a988dc8f4e6269dfc"},
    {file = "jpype1-1.6.0-cp311-cp311-win_amd64.whl", hash = "sha256:966daa892e6cd9ec3b2b92fd7a6d572687b29021e6d28fb73995a62ddd0a11eb"},
    {file = "jpype1-1.6.0-cp312-cp312-macosx_10_9_universal2.whl", hash = "sha256:5454322887505097c46f41521becf31cda2303f54e35cb42e20f1a180055a558"},
    {file = "jpype1-1.6.0-cp312-cp312-manylinux2014_aarch64.manylinux_2_17_aarch64.whl", hash = "sha256:cf646459023a0dd71b3cc3aeeb977225a93f94c97839bb4e6146977b166c7caf"},
    {file = "jpype1-1.6.0-cp312-cp312-manylinux2014_i686.manylinux_2_17_i686.whl", hash = "sha256:7a98b34bc68a117881382dffa9b02d5e1d0d94325f85d7f564c33cc9e9d2916b"},
    {file = "jpype1-1.6.0-cp312-cp312-manylinux2014_x86_64.manylinux_2_17_x86_64.whl", hash = "sha256:b56d7b662ce353c7f876e9ff3d4e775918348340795801e1f00c3b6241006264"},
    {file = "jpype1-1.6.0-cp312-cp312-win_amd64.whl", hash = "sha256:cf41134bc59c28de2721614ed00a34f76f69f2b525583a5c42fee5c7bae05d40"},
    {file = "jpype1-1.6.0-cp313-cp313-macosx_10_13_universal2.whl", hash = "sha256:ce1da9ff01010a4529de194aecc053bfc8ab25440ea6b63579ef8c8d381da21d"},
    {file = "jpype1-1.6.0-cp313-cp313-manylinux2014_aarch64.manylinux_2_17_aarch64.whl", hash = "sha256:4a387430cd4f3f68761013dca7f71b79d8d64b47dfd56eedcbd44c894d98d7f2"},
    {file = "jpype1-1.6.0-cp313-cp313-manylinux2014_i686.manylinux_2_17_i686.whl", hash = "sha256:6c9d99f41a5d05a8a2b6aeda796f646904c1c2b68aed0cc9a3bbc165483d9e1e"},
    {file = "jpype1-1.6.0-cp313-cp313-manylinux2014_x86_64.manylinux_2_17_x86_64.whl", hash = "sha256:55ba7257988a69bee84f7cd1444131725d5447999149fdafdba25bf46e4b1a3f"},
    {file = "jpype1-1.6.0-cp313-cp313-win_amd64.whl", hash = "sha256:ef8dd72442d91cde7e5eefef24ab71323cdd4137283a59f79d265a6620f7d0ab"},
    {file = "jpype1-1.6.0-cp313-cp313t-manylinux2014_aarch64.manylinux_2_17_aarch64.whl", hash = "sha256:dc0c1c8b989b9857f87648980a746084b323858b0450225eab3642bb674645d6"},
    {file = "jpype1-1.6.0-cp313-cp313t-manylinux2014_i686.manylinux_2_17_i686.whl", hash = "sha256:cbbba16381ccd23530ad4ef09f7b2b1b12bd7fd0f6ca9fe4c7b4e3da8fe4cf63"},
    {file = "jpype1-1.6.0-cp313-cp313t-manylinux2014_x86_64.manylinux_2_17_x86_64.whl", hash = "sha256:1a3814e4f65d67e36bdb03b8851d5ece8d7a408aa3a24251ea0609bb8fba77dd"},
    {file = "jpype1-1.6.0-cp39-cp39-manylinux2014_aarch64.manylinux_2_17_aarch64.whl", hash = "sha256:f5c1c4fc3458fcde7a82974470f4d1cd0622b139027c67bc714f5762fc4ed6f9"},
    {file = "jpype1-1.6.0-cp39-cp39-manylinux2014_i686.manylinux_2_17_i686.whl", hash = "sha256:c828e0272b57c687855442288de696d5377ee458cc19a0c4cb766eb53d908881"},
    {file = "jpype1-1.6.0-cp39-cp39-manylinux2014_x86_64.manylinux_2_17_x86_64.whl", hash = "sha256:560ed113d718909406e3b0e1f4c48595977cb8378a5c9404420cece00788fc86"},
    {file = "jpype1-1.6.0-cp39-cp39-win_amd64.whl", hash = "sha256:9afc02877787571e4cd312b90cbc4057bb986ac02728c3750c36ab59aded9044"},
    {file = "jpype1-1.6.0.tar.gz", hash = "sha256:2d46b2a14f8f0e6f17d8aa22b4fc3a64b2790851ebf1409ad79a37c698fd6e9a"},
]

[package.dependencies]
packaging = "*"

[package.extras]
docs = ["readthedocs-sphinx-ext", "sphinx", "sphinx-rtd-theme"]
tests = ["pytest"]

[[package]]
name = "networkx"
version = "3.5"
description = "Python package for creating and manipulating graphs and networks"
optional = false
python-versions = ">=3.11"
groups = ["main"]
files = [
    {file = "networkx-3.5-py3-none-any.whl", hash = "sha256:0030d386a9a06dee3565298b4a734b68589749a544acbb6c412dc9e2489ec6ec"},
    {file = "networkx-3.5.tar.gz", hash = "sha256:d4c6f9cf81f52d69230866796b82afbccdec3db7ae4fbd1b65ea750feed50037"},
]

[package.extras]
default = ["matplotlib (>=3.8)", "numpy (>=1.25)", "pandas (>=2.0)", "scipy (>=1.11.2)"]
developer = ["mypy (>=1.15)", "pre-commit (>=4.1)"]
doc = ["intersphinx-registry", "myst-nb (>=1.1)", "numpydoc (>=1.8.0)", "pillow (>=10)", "pydata-sphinx-theme (>=0.16)", "sphinx (>=8.0)", "sphinx-gallery (>=0.18)", "texext (>=0.6.7)"]
example = ["cairocffi (>=1.7)", "contextily (>=1.6)", "igraph (>=0.11)", "momepy (>=0.7.2)", "osmnx (>=2.0.0)", "scikit-learn (>=1.5)", "seaborn (>=0.13)"]
extra = ["lxml (>=4.6)", "pydot (>=3.0.1)", "pygraphviz (>=1.14)", "sympy (>=1.10)"]
test = ["pytest (>=7.2)", "pytest-cov (>=4.0)", "pytest-xdist (>=3.0)"]
test-extras = ["pytest-mpl", "pytest-randomly"]

[[package]]
name = "packaging"
version = "25.0"
description = "Core utilities for Python packages"
optional = false
python-versions = ">=3.8"
groups = ["main", "test"]
files = [
    {file = "packaging-25.0-py3-none-any.whl", hash = "sha256:29572ef2b1f17581046b3a2227d5c611fb25ec70ca1ba8554b24b0e69331a484"},
    {file = "packaging-25.0.tar.gz", hash = "sha256:d443872c98d677bf60f6a1f2f8c1cb748e8fe762d2bf9d3148b5599295b0fc4f"},
]

[[package]]
name = "pluggy"
version = "1.6.0"
description = "plugin and hook calling mechanisms for python"
optional = false
python-versions = ">=3.9"
groups = ["test"]
files = [
    {file = "pluggy-1.6.0-py3-none-any.whl", hash = "sha256:e920276dd6813095e9377c0bc5566d94c932c33b27a3e3945d8389c374dd4746"},
    {file = "pluggy-1.6.0.tar.gz", hash = "sha256:7dcc130b76258d33b90f61b658791dede3486c3e6bfb003ee5c9bfb396dd22f3"},
]

[package.extras]
dev = ["pre-commit", "tox"]
testing = ["coverage", "pytest", "pytest-benchmark"]

[[package]]
name = "pygments"
version = "2.19.2"
description = "Pygments is a syntax highlighting package written in Python."
optional = false
python-versions = ">=3.8"
groups = ["test"]
files = [
    {file = "pygments-2.19.2-py3-none-any.whl", hash = "sha256:86540386c03d588bb81d44bc3928634ff26449851e99741617ecb9037ee5ec0b"},
    {file = "pygments-2.19.2.tar.gz", hash = "sha256:636cb2477cec7f8952536970bc533bc43743542f70392ae026374600add5b887"},
]

[package.extras]
windows-terminal = ["colorama (>=0.4.6)"]

[[package]]
name = "pytest"
version = "8.4.1"
description = "pytest: simple powerful testing with Python"
optional = false
python-versions = ">=3.9"
groups = ["test"]
files = [
    {file = "pytest-8.4.1-py3-none-any.whl", hash = "sha256:539c70ba6fcead8e78eebbf1115e8b589e7565830d7d006a8723f19ac8a0afb7"},
    {file = "pytest-8.4.1.tar.gz", hash = "sha256:7c67fd69174877359ed9371ec3af8a3d2b04741818c51e5e99cc1742251fa93c"},
]

[package.dependencies]
colorama = {version = ">=0.4", markers = "sys_platform == \"win32\""}
iniconfig = ">=1"
packaging = ">=20"
pluggy = ">=1.5,<2"
pygments = ">=2.7.2"

[package.extras]
dev = ["argcomplete", "attrs (>=19.2)", "hypothesis (>=3.56)", "mock", "requests", "setuptools", "xmlschema"]

[metadata]
lock-version = "2.1"
python-versions = "^3.11"
content-hash = "c057812194b30e3849d1d0e28b5921df5e5600c21a5bda395b1470e102a47abe"
